
Microsoft Visual Studio Solution File, Format Version 12.00
# Visual Studio 15
VisualStudioVersion = 15.0.26206.0
MinimumVisualStudioVersion = 10.0.40219.1
Project("{FAE04EC0-301F-11D3-BF4B-00C04F79EFBC}") = "StateDesignPattern", "StateDesignPattern\StateDesignPattern.csproj", "{ACC81D4B-5CC7-4DD4-993A-273377F194D0}"
EndProject
Project("{FAE04EC0-301F-11D3-BF4B-00C04F79EFBC}") = "NoneStateDesignPattern", "NoneStateDesignPattern\NoneStateDesignPattern.csproj", "{40E1508C-8037-4808-B868-5B4E5E07C4BB}"
EndProject
Global
	GlobalSection(SolutionConfigurationPlatforms) = preSolution
		Debug|Any CPU = Debug|Any CPU
		Release|Any CPU = Release|Any CPU
	EndGlobalSection
	GlobalSection(ProjectConfigurationPlatforms) = postSolution
		{ACC81D4B-5CC7-4DD4-993A-273377F194D0}.Debug|Any CPU.ActiveCfg = Debug|Any CPU
		{ACC81D4B-5CC7-4DD4-993A-273377F194D0}.Debug|Any CPU.Build.0 = Debug|Any CPU
		{ACC81D4B-5CC7-4DD4-993A-273377F194D0}.Release|Any CPU.ActiveCfg = Release|Any CPU
		{ACC81D4B-5CC7-4DD4-993A-273377F194D0}.Release|Any CPU.Build.0 = Release|Any CPU
		{40E1508C-8037-4808-B868-5B4E5E07C4BB}.Debug|Any CPU.ActiveCfg = Debug|Any CPU
		{40E1508C-8037-4808-B868-5B4E5E07C4BB}.Debug|Any CPU.Build.0 = Debug|Any CPU
		{40E1508C-8037-4808-B868-5B4E5E07C4BB}.Release|Any CPU.ActiveCfg = Release|Any CPU
		{40E1508C-8037-4808-B868-5B4E5E07C4BB}.Release|Any CPU.Build.0 = Release|Any CPU
	EndGlobalSection
	GlobalSection(SolutionProperties) = preSolution
		HideSolutionNode = FALSE
	EndGlobalSection
EndGlobal
